# This file is autogenerated, do not edit; changes may be undone by the next 'dep ensure'.


[[projects]]
  name = "github.com/davecgh/go-spew"
  packages = ["spew"]
  revision = "346938d642f2ec3594ed81d874461961cd0faa76"
  version = "v1.1.0"

[[projects]]
  name = "github.com/inconshreveable/mousetrap"
  packages = ["."]
  revision = "76626ae9c91c4f2a10f34cad8ce83ea42c93bb75"
  version = "v1.0"

[[projects]]
  branch = "master"
  name = "github.com/kardianos/osext"
  packages = ["."]
  revision = "ae77be60afb1dcacde03767a8c37337fad28ac14"

[[projects]]
  branch = "develop"
  name = "github.com/nmiyake/pkg"
  packages = [
    "dirs",
    "errorstringer",
    "gofiles",
  ]
  revision = "b64318170fdef93b4462420e0badef8050dbb7ec"

[[projects]]
  branch = "master"
  name = "github.com/palantir/pkg"
  packages = ["cobracli"]
  revision = "23395ebeee5df1083443a6261e5f674a76af91b6"

[[projects]]
  name = "github.com/pkg/errors"
  packages = ["."]
  revision = "645ef00459ed84a119197bfb8d8205042c6df63d"
  version = "v0.8.0"

[[projects]]
  name = "github.com/pmezard/go-difflib"
  packages = ["difflib"]
  revision = "792786c7400a136282c1664665ae0a8db921c6c2"
  version = "v1.0.0"

[[projects]]
  name = "github.com/spf13/cobra"
  packages = ["."]
  revision = "a1f051bc3eba734da4772d60e2d677f47cf93ef4"
  version = "v0.0.2"

[[projects]]
  name = "github.com/spf13/pflag"
  packages = ["."]
  revision = "e57e3eeb33f795204c1ca35f56c44f83227c6e66"
  version = "v1.0.0"

[[projects]]
  name = "github.com/stretchr/testify"
  packages = [
    "assert",
    "require",
  ]
  revision = "12b6f73e6084dad08a7c6e575284b177ecafbc71"
  version = "v1.2.1"

[[projects]]
  branch = "master"
  name = "github.com/termie/go-shutil"
  packages = ["."]
  revision = "bcacb06fecaeec8dc42af03c87c6949f4a05c74c"

[[projects]]
  branch = "master"
  name = "golang.org/x/tools"
  packages = ["go/ast/astutil"]
  revision = "36c7af3342056179a831c19ec142f2763b310f7b"

[[projects]]
  name = "gopkg.in/yaml.v2"
  packages = ["."]
  revision = "86f5ed62f8a0ee96bd888d2efdfd6d4fb100a4eb"
  version = "v2.2.0"

[solve-meta]
  analyzer-name = "dep"
  analyzer-version = 1
  inputs-digest = "c6ceb16c70fe017b4eb37f5a9863d0235b18d9c6765888a6bd712a4babf0a90a"
  solver-name = "gps-cdcl"
  solver-version = 1
